
Microsoft Visual Studio Solution File, Format Version 12.00
# Visual Studio 15
VisualStudioVersion = 15.0.27703.2000
MinimumVisualStudioVersion = 10.0.40219.1
Project("{FAE04EC0-301F-11D3-BF4B-00C04F79EFBC}") = "OnePractice", "..\HubOne.OnePractice\OnePractice\OnePractice.csproj", "{C84D4486-4743-446D-8888-3F42F8CF4DA5}"
EndProject
Project("{FAE04EC0-301F-11D3-BF4B-00C04F79EFBC}") = "OPTests", "..\HubOne.OnePractice\OPTests\OPTests.csproj", "{2B495DAC-819A-43AF-803C-435EAE711291}"
EndProject
Global
	GlobalSection(SolutionConfigurationPlatforms) = preSolution
		Debug|Any CPU = Debug|Any CPU
		Release|Any CPU = Release|Any CPU
	EndGlobalSection
	GlobalSection(ProjectConfigurationPlatforms) = postSolution
		{C84D4486-4743-446D-8888-3F42F8CF4DA5}.Debug|Any CPU.ActiveCfg = Debug|Any CPU
		{C84D4486-4743-446D-8888-3F42F8CF4DA5}.Debug|Any CPU.Build.0 = Debug|Any CPU
		{C84D4486-4743-446D-8888-3F42F8CF4DA5}.Release|Any CPU.ActiveCfg = Release|Any CPU
		{C84D4486-4743-446D-8888-3F42F8CF4DA5}.Release|Any CPU.Build.0 = Release|Any CPU
		{2B495DAC-819A-43AF-803C-435EAE711291}.Debug|Any CPU.ActiveCfg = Debug|Any CPU
		{2B495DAC-819A-43AF-803C-435EAE711291}.Debug|Any CPU.Build.0 = Debug|Any CPU
		{2B495DAC-819A-43AF-803C-435EAE711291}.Release|Any CPU.ActiveCfg = Release|Any CPU
		{2B495DAC-819A-43AF-803C-435EAE711291}.Release|Any CPU.Build.0 = Release|Any CPU
	EndGlobalSection
	GlobalSection(SolutionProperties) = preSolution
		HideSolutionNode = FALSE
	EndGlobalSection
	GlobalSection(ExtensibilityGlobals) = postSolution
		SolutionGuid = {174A6993-B388-4CF9-9C6A-CE715AA70A89}
	EndGlobalSection
EndGlobal
